
Microsoft Visual Studio Solution File, Format Version 12.00
# Visual Studio Version 16
VisualStudioVersion = 16.0.32630.194
MinimumVisualStudioVersion = 10.0.40219.1
Project("{FAE04EC0-301F-11D3-BF4B-00C04F79EFBC}") = "testProgram", "testProgram\testProgram.csproj", "{66296A92-1939-45FE-8318-26447199E00D}"
EndProject
Global
	GlobalSection(SolutionConfigurationPlatforms) = preSolution
		Debug|Any CPU = Debug|Any CPU
		Release|Any CPU = Release|Any CPU
	EndGlobalSection
	GlobalSection(ProjectConfigurationPlatforms) = postSolution
		{66296A92-1939-45FE-8318-26447199E00D}.Debug|Any CPU.ActiveCfg = Debug|Any CPU
		{66296A92-1939-45FE-8318-26447199E00D}.Debug|Any CPU.Build.0 = Debug|Any CPU
		{66296A92-1939-45FE-8318-26447199E00D}.Release|Any CPU.ActiveCfg = Release|Any CPU
		{66296A92-1939-45FE-8318-26447199E00D}.Release|Any CPU.Build.0 = Release|Any CPU
	EndGlobalSection
	GlobalSection(SolutionProperties) = preSolution
		HideSolutionNode = FALSE
	EndGlobalSection
	GlobalSection(ExtensibilityGlobals) = postSolution
		SolutionGuid = {6796D554-45CD-44E8-813E-A08725B663B1}
	EndGlobalSection
EndGlobal
